
Microsoft Visual Studio Solution File, Format Version 12.00
# Visual Studio 14
VisualStudioVersion = 14.0.25420.1
MinimumVisualStudioVersion = 10.0.40219.1
Project("{FAE04EC0-301F-11D3-BF4B-00C04F79EFBC}") = "RatingsConunter", "RatingsConunter\RatingsConunter\RatingsConunter.csproj", "{6974BBB4-5A5C-4F54-80AD-A01EEFE8ADA8}"
EndProject
Project("{FAE04EC0-301F-11D3-BF4B-00C04F79EFBC}") = "RatingsConunter.Droid", "RatingsConunter\RatingsConunter.Droid\RatingsConunter.Droid.csproj", "{B2440022-EEA9-4AD2-890E-EB23D5AD1961}"
EndProject
Project("{FAE04EC0-301F-11D3-BF4B-00C04F79EFBC}") = "RatingsConunter.iOS", "RatingsConunter\RatingsConunter.iOS\RatingsConunter.iOS.csproj", "{A4CBD829-4C7A-422B-B1E9-7A5FAFDD132D}"
EndProject
Project("{FAE04EC0-301F-11D3-BF4B-00C04F79EFBC}") = "RatingsConunter.WinPhone", "RatingsConunter\RatingsConunter.WinPhone\RatingsConunter.WinPhone.csproj", "{3EB42E90-8973-4E6E-9810-84273DD0A816}"
EndProject
Project("{FAE04EC0-301F-11D3-BF4B-00C04F79EFBC}") = "RatingsConunter.UWP", "RatingsConunter\RatingsConunter.UWP\RatingsConunter.UWP.csproj", "{325A11A1-B0DB-4C0C-89D6-5A7CB305F447}"
EndProject
Project("{FAE04EC0-301F-11D3-BF4B-00C04F79EFBC}") = "RatingsConunter.Windows", "RatingsConunter\RatingsConunter.Windows\RatingsConunter.Windows.csproj", "{FD88AFE8-AA19-4F92-A025-28378F5AE50F}"
EndProject
Global
	GlobalSection(SolutionConfigurationPlatforms) = preSolution
		Ad-Hoc|Any CPU = Ad-Hoc|Any CPU
		Ad-Hoc|ARM = Ad-Hoc|ARM
		Ad-Hoc|iPhone = Ad-Hoc|iPhone
		Ad-Hoc|iPhoneSimulator = Ad-Hoc|iPhoneSimulator
		Ad-Hoc|x64 = Ad-Hoc|x64
		Ad-Hoc|x86 = Ad-Hoc|x86
		AppStore|Any CPU = AppStore|Any CPU
		AppStore|ARM = AppStore|ARM
		AppStore|iPhone = AppStore|iPhone
		AppStore|iPhoneSimulator = AppStore|iPhoneSimulator
		AppStore|x64 = AppStore|x64
		AppStore|x86 = AppStore|x86
		Debug|Any CPU = Debug|Any CPU
		Debug|ARM = Debug|ARM
		Debug|iPhone = Debug|iPhone
		Debug|iPhoneSimulator = Debug|iPhoneSimulator
		Debug|x64 = Debug|x64
		Debug|x86 = Debug|x86
		Release|Any CPU = Release|Any CPU
		Release|ARM = Release|ARM
		Release|iPhone = Release|iPhone
		Release|iPhoneSimulator = Release|iPhoneSimulator
		Release|x64 = Release|x64
		Release|x86 = Release|x86
	EndGlobalSection
	GlobalSection(ProjectConfigurationPlatforms) = postSolution
		{6974BBB4-5A5C-4F54-80AD-A01EEFE8ADA8}.Ad-Hoc|Any CPU.ActiveCfg = Release|Any CPU
		{6974BBB4-5A5C-4F54-80AD-A01EEFE8ADA8}.Ad-Hoc|Any CPU.Build.0 = Release|Any CPU
		{6974BBB4-5A5C-4F54-80AD-A01EEFE8ADA8}.Ad-Hoc|ARM.ActiveCfg = Release|Any CPU
		{6974BBB4-5A5C-4F54-80AD-A01EEFE8ADA8}.Ad-Hoc|ARM.Build.0 = Release|Any CPU
		{6974BBB4-5A5C-4F54-80AD-A01EEFE8ADA8}.Ad-Hoc|iPhone.ActiveCfg = Release|Any CPU
		{6974BBB4-5A5C-4F54-80AD-A01EEFE8ADA8}.Ad-Hoc|iPhone.Build.0 = Release|Any CPU
		{6974BBB4-5A5C-4F54-80AD-A01EEFE8ADA8}.Ad-Hoc|iPhoneSimulator.ActiveCfg = Release|Any CPU
		{6974BBB4-5A5C-4F54-80AD-A01EEFE8ADA8}.Ad-Hoc|iPhoneSimulator.Build.0 = Release|Any CPU
		{6974BBB4-5A5C-4F54-80AD-A01EEFE8ADA8}.Ad-Hoc|x64.ActiveCfg = Release|Any CPU
		{6974BBB4-5A5C-4F54-80AD-A01EEFE8ADA8}.Ad-Hoc|x64.Build.0 = Release|Any CPU
		{6974BBB4-5A5C-4F54-80AD-A01EEFE8ADA8}.Ad-Hoc|x86.ActiveCfg = Release|Any CPU
		{6974BBB4-5A5C-4F54-80AD-A01EEFE8ADA8}.Ad-Hoc|x86.Build.0 = Release|Any CPU
		{6974BBB4-5A5C-4F54-80AD-A01EEFE8ADA8}.AppStore|Any CPU.ActiveCfg = Release|Any CPU
		{6974BBB4-5A5C-4F54-80AD-A01EEFE8ADA8}.AppStore|Any CPU.Build.0 = Release|Any CPU
		{6974BBB4-5A5C-4F54-80AD-A01EEFE8ADA8}.AppStore|ARM.ActiveCfg = Release|Any CPU
		{6974BBB4-5A5C-4F54-80AD-A01EEFE8ADA8}.AppStore|ARM.Build.0 = Release|Any CPU
		{6974BBB4-5A5C-4F54-80AD-A01EEFE8ADA8}.AppStore|iPhone.ActiveCfg = Release|Any CPU
		{6974BBB4-5A5C-4F54-80AD-A01EEFE8ADA8}.AppStore|iPhone.Build.0 = Release|Any CPU
		{6974BBB4-5A5C-4F54-80AD-A01EEFE8ADA8}.AppStore|iPhoneSimulator.ActiveCfg = Release|Any CPU
		{6974BBB4-5A5C-4F54-80AD-A01EEFE8ADA8}.AppStore|iPhoneSimulator.Build.0 = Release|Any CPU
		{6974BBB4-5A5C-4F54-80AD-A01EEFE8ADA8}.AppStore|x64.ActiveCfg = Release|Any CPU
		{6974BBB4-5A5C-4F54-80AD-A01EEFE8ADA8}.AppStore|x64.Build.0 = Release|Any CPU
		{6974BBB4-5A5C-4F54-80AD-A01EEFE8ADA8}.AppStore|x86.ActiveCfg = Release|Any CPU
		{6974BBB4-5A5C-4F54-80AD-A01EEFE8ADA8}.AppStore|x86.Build.0 = Release|Any CPU
		{6974BBB4-5A5C-4F54-80AD-A01EEFE8ADA8}.Debug|Any CPU.ActiveCfg = Debug|Any CPU
		{6974BBB4-5A5C-4F54-80AD-A01EEFE8ADA8}.Debug|Any CPU.Build.0 = Debug|Any CPU
		{6974BBB4-5A5C-4F54-80AD-A01EEFE8ADA8}.Debug|ARM.ActiveCfg = Debug|Any CPU
		{6974BBB4-5A5C-4F54-80AD-A01EEFE8ADA8}.Debug|ARM.Build.0 = Debug|Any CPU
		{6974BBB4-5A5C-4F54-80AD-A01EEFE8ADA8}.Debug|iPhone.ActiveCfg = Debug|Any CPU
		{6974BBB4-5A5C-4F54-80AD-A01EEFE8ADA8}.Debug|iPhone.Build.0 = Debug|Any CPU
		{6974BBB4-5A5C-4F54-80AD-A01EEFE8ADA8}.Debug|iPhoneSimulator.ActiveCfg = Debug|Any CPU
		{6974BBB4-5A5C-4F54-80AD-A01EEFE8ADA8}.Debug|iPhoneSimulator.Build.0 = Debug|Any CPU
		{6974BBB4-5A5C-4F54-80AD-A01EEFE8ADA8}.Debug|x64.ActiveCfg = Debug|Any CPU
		{6974BBB4-5A5C-4F54-80AD-A01EEFE8ADA8}.Debug|x64.Build.0 = Debug|Any CPU
		{6974BBB4-5A5C-4F54-80AD-A01EEFE8ADA8}.Debug|x86.ActiveCfg = Debug|Any CPU
		{6974BBB4-5A5C-4F54-80AD-A01EEFE8ADA8}.Debug|x86.Build.0 = Debug|Any CPU
		{6974BBB4-5A5C-4F54-80AD-A01EEFE8ADA8}.Release|Any CPU.ActiveCfg = Release|Any CPU
		{6974BBB4-5A5C-4F54-80AD-A01EEFE8ADA8}.Release|Any CPU.Build.0 = Release|Any CPU
		{6974BBB4-5A5C-4F54-80AD-A01EEFE8ADA8}.Release|ARM.ActiveCfg = Release|Any CPU
		{6974BBB4-5A5C-4F54-80AD-A01EEFE8ADA8}.Release|ARM.Build.0 = Release|Any CPU
		{6974BBB4-5A5C-4F54-80AD-A01EEFE8ADA8}.Release|iPhone.ActiveCfg = Release|Any CPU
		{6974BBB4-5A5C-4F54-80AD-A01EEFE8ADA8}.Release|iPhone.Build.0 = Release|Any CPU
		{6974BBB4-5A5C-4F54-80AD-A01EEFE8ADA8}.Release|iPhoneSimulator.ActiveCfg = Release|Any CPU
		{6974BBB4-5A5C-4F54-80AD-A01EEFE8ADA8}.Release|iPhoneSimulator.Build.0 = Release|Any CPU
		{6974BBB4-5A5C-4F54-80AD-A01EEFE8ADA8}.Release|x64.ActiveCfg = Release|Any CPU
		{6974BBB4-5A5C-4F54-80AD-A01EEFE8ADA8}.Release|x64.Build.0 = Release|Any CPU
		{6974BBB4-5A5C-4F54-80AD-A01EEFE8ADA8}.Release|x86.ActiveCfg = Release|Any CPU
		{6974BBB4-5A5C-4F54-80AD-A01EEFE8ADA8}.Release|x86.Build.0 = Release|Any CPU
		{B2440022-EEA9-4AD2-890E-EB23D5AD1961}.Ad-Hoc|Any CPU.ActiveCfg = Release|Any CPU
		{B2440022-EEA9-4AD2-890E-EB23D5AD1961}.Ad-Hoc|Any CPU.Build.0 = Release|Any CPU
		{B2440022-EEA9-4AD2-890E-EB23D5AD1961}.Ad-Hoc|Any CPU.Deploy.0 = Release|Any CPU
		{B2440022-EEA9-4AD2-890E-EB23D5AD1961}.Ad-Hoc|ARM.ActiveCfg = Release|Any CPU
		{B2440022-EEA9-4AD2-890E-EB23D5AD1961}.Ad-Hoc|ARM.Build.0 = Release|Any CPU
		{B2440022-EEA9-4AD2-890E-EB23D5AD1961}.Ad-Hoc|ARM.Deploy.0 = Release|Any CPU
		{B2440022-EEA9-4AD2-890E-EB23D5AD1961}.Ad-Hoc|iPhone.ActiveCfg = Release|Any CPU
		{B2440022-EEA9-4AD2-890E-EB23D5AD1961}.Ad-Hoc|iPhone.Build.0 = Release|Any CPU
		{B2440022-EEA9-4AD2-890E-EB23D5AD1961}.Ad-Hoc|iPhone.Deploy.0 = Release|Any CPU
		{B2440022-EEA9-4AD2-890E-EB23D5AD1961}.Ad-Hoc|iPhoneSimulator.ActiveCfg = Release|Any CPU
		{B2440022-EEA9-4AD2-890E-EB23D5AD1961}.Ad-Hoc|iPhoneSimulator.Build.0 = Release|Any CPU
		{B2440022-EEA9-4AD2-890E-EB23D5AD1961}.Ad-Hoc|iPhoneSimulator.Deploy.0 = Release|Any CPU
		{B2440022-EEA9-4AD2-890E-EB23D5AD1961}.Ad-Hoc|x64.ActiveCfg = Release|Any CPU
		{B2440022-EEA9-4AD2-890E-EB23D5AD1961}.Ad-Hoc|x64.Build.0 = Release|Any CPU
		{B2440022-EEA9-4AD2-890E-EB23D5AD1961}.Ad-Hoc|x64.Deploy.0 = Release|Any CPU
		{B2440022-EEA9-4AD2-890E-EB23D5AD1961}.Ad-Hoc|x86.ActiveCfg = Release|Any CPU
		{B2440022-EEA9-4AD2-890E-EB23D5AD1961}.Ad-Hoc|x86.Build.0 = Release|Any CPU
		{B2440022-EEA9-4AD2-890E-EB23D5AD1961}.Ad-Hoc|x86.Deploy.0 = Release|Any CPU
		{B2440022-EEA9-4AD2-890E-EB23D5AD1961}.AppStore|Any CPU.ActiveCfg = Release|Any CPU
		{B2440022-EEA9-4AD2-890E-EB23D5AD1961}.AppStore|Any CPU.Build.0 = Release|Any CPU
		{B2440022-EEA9-4AD2-890E-EB23D5AD1961}.AppStore|Any CPU.Deploy.0 = Release|Any CPU
		{B2440022-EEA9-4AD2-890E-EB23D5AD1961}.AppStore|ARM.ActiveCfg = Release|Any CPU
		{B2440022-EEA9-4AD2-890E-EB23D5AD1961}.AppStore|ARM.Build.0 = Release|Any CPU
		{B2440022-EEA9-4AD2-890E-EB23D5AD1961}.AppStore|ARM.Deploy.0 = Release|Any CPU
		{B2440022-EEA9-4AD2-890E-EB23D5AD1961}.AppStore|iPhone.ActiveCfg = Release|Any CPU
		{B2440022-EEA9-4AD2-890E-EB23D5AD1961}.AppStore|iPhone.Build.0 = Release|Any CPU
		{B2440022-EEA9-4AD2-890E-EB23D5AD1961}.AppStore|iPhone.Deploy.0 = Release|Any CPU
		{B2440022-EEA9-4AD2-890E-EB23D5AD1961}.AppStore|iPhoneSimulator.ActiveCfg = Release|Any CPU
		{B2440022-EEA9-4AD2-890E-EB23D5AD1961}.AppStore|iPhoneSimulator.Build.0 = Release|Any CPU
		{B2440022-EEA9-4AD2-890E-EB23D5AD1961}.AppStore|iPhoneSimulator.Deploy.0 = Release|Any CPU
		{B2440022-EEA9-4AD2-890E-EB23D5AD1961}.AppStore|x64.ActiveCfg = Release|Any CPU
		{B2440022-EEA9-4AD2-890E-EB23D5AD1961}.AppStore|x64.Build.0 = Release|Any CPU
		{B2440022-EEA9-4AD2-890E-EB23D5AD1961}.AppStore|x64.Deploy.0 = Release|Any CPU
		{B2440022-EEA9-4AD2-890E-EB23D5AD1961}.AppStore|x86.ActiveCfg = Release|Any CPU
		{B2440022-EEA9-4AD2-890E-EB23D5AD1961}.AppStore|x86.Build.0 = Release|Any CPU
		{B2440022-EEA9-4AD2-890E-EB23D5AD1961}.AppStore|x86.Deploy.0 = Release|Any CPU
		{B2440022-EEA9-4AD2-890E-EB23D5AD1961}.Debug|Any CPU.ActiveCfg = Debug|Any CPU
		{B2440022-EEA9-4AD2-890E-EB23D5AD1961}.Debug|Any CPU.Build.0 = Debug|Any CPU
		{B2440022-EEA9-4AD2-890E-EB23D5AD1961}.Debug|Any CPU.Deploy.0 = Debug|Any CPU
		{B2440022-EEA9-4AD2-890E-EB23D5AD1961}.Debug|ARM.ActiveCfg = Debug|Any CPU
		{B2440022-EEA9-4AD2-890E-EB23D5AD1961}.Debug|ARM.Build.0 = Debug|Any CPU
		{B2440022-EEA9-4AD2-890E-EB23D5AD1961}.Debug|ARM.Deploy.0 = Debug|Any CPU
		{B2440022-EEA9-4AD2-890E-EB23D5AD1961}.Debug|iPhone.ActiveCfg = Debug|Any CPU
		{B2440022-EEA9-4AD2-890E-EB23D5AD1961}.Debug|iPhone.Build.0 = Debug|Any CPU
		{B2440022-EEA9-4AD2-890E-EB23D5AD1961}.Debug|iPhone.Deploy.0 = Debug|Any CPU
		{B2440022-EEA9-4AD2-890E-EB23D5AD1961}.Debug|iPhoneSimulator.ActiveCfg = Debug|Any CPU
		{B2440022-EEA9-4AD2-890E-EB23D5AD1961}.Debug|iPhoneSimulator.Build.0 = Debug|Any CPU
		{B2440022-EEA9-4AD2-890E-EB23D5AD1961}.Debug|iPhoneSimulator.Deploy.0 = Debug|Any CPU
		{B2440022-EEA9-4AD2-890E-EB23D5AD1961}.Debug|x64.ActiveCfg = Debug|Any CPU
		{B2440022-EEA9-4AD2-890E-EB23D5AD1961}.Debug|x64.Build.0 = Debug|Any CPU
		{B2440022-EEA9-4AD2-890E-EB23D5AD1961}.Debug|x64.Deploy.0 = Debug|Any CPU
		{B2440022-EEA9-4AD2-890E-EB23D5AD1961}.Debug|x86.ActiveCfg = Debug|Any CPU
		{B2440022-EEA9-4AD2-890E-EB23D5AD1961}.Debug|x86.Build.0 = Debug|Any CPU
		{B2440022-EEA9-4AD2-890E-EB23D5AD1961}.Debug|x86.Deploy.0 = Debug|Any CPU
		{B2440022-EEA9-4AD2-890E-EB23D5AD1961}.Release|Any CPU.ActiveCfg = Release|Any CPU
		{B2440022-EEA9-4AD2-890E-EB23D5AD1961}.Release|Any CPU.Build.0 = Release|Any CPU
		{B2440022-EEA9-4AD2-890E-EB23D5AD1961}.Release|Any CPU.Deploy.0 = Release|Any CPU
		{B2440022-EEA9-4AD2-890E-EB23D5AD1961}.Release|ARM.ActiveCfg = Release|Any CPU
		{B2440022-EEA9-4AD2-890E-EB23D5AD1961}.Release|ARM.Build.0 = Release|Any CPU
		{B2440022-EEA9-4AD2-890E-EB23D5AD1961}.Release|ARM.Deploy.0 = Release|Any CPU
		{B2440022-EEA9-4AD2-890E-EB23D5AD1961}.Release|iPhone.ActiveCfg = Release|Any CPU
		{B2440022-EEA9-4AD2-890E-EB23D5AD1961}.Release|iPhone.Build.0 = Release|Any CPU
		{B2440022-EEA9-4AD2-890E-EB23D5AD1961}.Release|iPhone.Deploy.0 = Release|Any CPU
		{B2440022-EEA9-4AD2-890E-EB23D5AD1961}.Release|iPhoneSimulator.ActiveCfg = Release|Any CPU
		{B2440022-EEA9-4AD2-890E-EB23D5AD1961}.Release|iPhoneSimulator.Build.0 = Release|Any CPU
		{B2440022-EEA9-4AD2-890E-EB23D5AD1961}.Release|iPhoneSimulator.Deploy.0 = Release|Any CPU
		{B2440022-EEA9-4AD2-890E-EB23D5AD1961}.Release|x64.ActiveCfg = Release|Any CPU
		{B2440022-EEA9-4AD2-890E-EB23D5AD1961}.Release|x64.Build.0 = Release|Any CPU
		{B2440022-EEA9-4AD2-890E-EB23D5AD1961}.Release|x64.Deploy.0 = Release|Any CPU
		{B2440022-EEA9-4AD2-890E-EB23D5AD1961}.Release|x86.ActiveCfg = Release|Any CPU
		{B2440022-EEA9-4AD2-890E-EB23D5AD1961}.Release|x86.Build.0 = Release|Any CPU
		{B2440022-EEA9-4AD2-890E-EB23D5AD1961}.Release|x86.Deploy.0 = Release|Any CPU
		{A4CBD829-4C7A-422B-B1E9-7A5FAFDD132D}.Ad-Hoc|Any CPU.ActiveCfg = Ad-Hoc|iPhone
		{A4CBD829-4C7A-422B-B1E9-7A5FAFDD132D}.Ad-Hoc|ARM.ActiveCfg = Ad-Hoc|iPhone
		{A4CBD829-4C7A-422B-B1E9-7A5FAFDD132D}.Ad-Hoc|iPhone.ActiveCfg = Ad-Hoc|iPhone
		{A4CBD829-4C7A-422B-B1E9-7A5FAFDD132D}.Ad-Hoc|iPhone.Build.0 = Ad-Hoc|iPhone
		{A4CBD829-4C7A-422B-B1E9-7A5FAFDD132D}.Ad-Hoc|iPhoneSimulator.ActiveCfg = Ad-Hoc|iPhoneSimulator
		{A4CBD829-4C7A-422B-B1E9-7A5FAFDD132D}.Ad-Hoc|iPhoneSimulator.Build.0 = Ad-Hoc|iPhoneSimulator
		{A4CBD829-4C7A-422B-B1E9-7A5FAFDD132D}.Ad-Hoc|x64.ActiveCfg = Ad-Hoc|iPhone
		{A4CBD829-4C7A-422B-B1E9-7A5FAFDD132D}.Ad-Hoc|x86.ActiveCfg = Ad-Hoc|iPhone
		{A4CBD829-4C7A-422B-B1E9-7A5FAFDD132D}.AppStore|Any CPU.ActiveCfg = AppStore|iPhone
		{A4CBD829-4C7A-422B-B1E9-7A5FAFDD132D}.AppStore|ARM.ActiveCfg = AppStore|iPhone
		{A4CBD829-4C7A-422B-B1E9-7A5FAFDD132D}.AppStore|iPhone.ActiveCfg = AppStore|iPhone
		{A4CBD829-4C7A-422B-B1E9-7A5FAFDD132D}.AppStore|iPhone.Build.0 = AppStore|iPhone
		{A4CBD829-4C7A-422B-B1E9-7A5FAFDD132D}.AppStore|iPhoneSimulator.ActiveCfg = AppStore|iPhoneSimulator
		{A4CBD829-4C7A-422B-B1E9-7A5FAFDD132D}.AppStore|iPhoneSimulator.Build.0 = AppStore|iPhoneSimulator
		{A4CBD829-4C7A-422B-B1E9-7A5FAFDD132D}.AppStore|x64.ActiveCfg = AppStore|iPhone
		{A4CBD829-4C7A-422B-B1E9-7A5FAFDD132D}.AppStore|x86.ActiveCfg = AppStore|iPhone
		{A4CBD829-4C7A-422B-B1E9-7A5FAFDD132D}.Debug|Any CPU.ActiveCfg = Debug|iPhone
		{A4CBD829-4C7A-422B-B1E9-7A5FAFDD132D}.Debug|ARM.ActiveCfg = Debug|iPhone
		{A4CBD829-4C7A-422B-B1E9-7A5FAFDD132D}.Debug|iPhone.ActiveCfg = Debug|iPhone
		{A4CBD829-4C7A-422B-B1E9-7A5FAFDD132D}.Debug|iPhone.Build.0 = Debug|iPhone
		{A4CBD829-4C7A-422B-B1E9-7A5FAFDD132D}.Debug|iPhoneSimulator.ActiveCfg = Debug|iPhoneSimulator
		{A4CBD829-4C7A-422B-B1E9-7A5FAFDD132D}.Debug|iPhoneSimulator.Build.0 = Debug|iPhoneSimulator
		{A4CBD829-4C7A-422B-B1E9-7A5FAFDD132D}.Debug|x64.ActiveCfg = Debug|iPhone
		{A4CBD829-4C7A-422B-B1E9-7A5FAFDD132D}.Debug|x86.ActiveCfg = Debug|iPhone
		{A4CBD829-4C7A-422B-B1E9-7A5FAFDD132D}.Release|Any CPU.ActiveCfg = Release|iPhone
		{A4CBD829-4C7A-422B-B1E9-7A5FAFDD132D}.Release|ARM.ActiveCfg = Release|iPhone
		{A4CBD829-4C7A-422B-B1E9-7A5FAFDD132D}.Release|iPhone.ActiveCfg = Release|iPhone
		{A4CBD829-4C7A-422B-B1E9-7A5FAFDD132D}.Release|iPhone.Build.0 = Release|iPhone
		{A4CBD829-4C7A-422B-B1E9-7A5FAFDD132D}.Release|iPhoneSimulator.ActiveCfg = Release|iPhoneSimulator
		{A4CBD829-4C7A-422B-B1E9-7A5FAFDD132D}.Release|iPhoneSimulator.Build.0 = Release|iPhoneSimulator
		{A4CBD829-4C7A-422B-B1E9-7A5FAFDD132D}.Release|x64.ActiveCfg = Release|iPhone
		{A4CBD829-4C7A-422B-B1E9-7A5FAFDD132D}.Release|x86.ActiveCfg = Release|iPhone
		{3EB42E90-8973-4E6E-9810-84273DD0A816}.Ad-Hoc|Any CPU.ActiveCfg = Release|Any CPU
		{3EB42E90-8973-4E6E-9810-84273DD0A816}.Ad-Hoc|Any CPU.Build.0 = Release|Any CPU
		{3EB42E90-8973-4E6E-9810-84273DD0A816}.Ad-Hoc|Any CPU.Deploy.0 = Release|Any CPU
		{3EB42E90-8973-4E6E-9810-84273DD0A816}.Ad-Hoc|ARM.ActiveCfg = Release|ARM
		{3EB42E90-8973-4E6E-9810-84273DD0A816}.Ad-Hoc|ARM.Build.0 = Release|ARM
		{3EB42E90-8973-4E6E-9810-84273DD0A816}.Ad-Hoc|ARM.Deploy.0 = Release|ARM
		{3EB42E90-8973-4E6E-9810-84273DD0A816}.Ad-Hoc|iPhone.ActiveCfg = Release|Any CPU
		{3EB42E90-8973-4E6E-9810-84273DD0A816}.Ad-Hoc|iPhone.Build.0 = Release|Any CPU
		{3EB42E90-8973-4E6E-9810-84273DD0A816}.Ad-Hoc|iPhone.Deploy.0 = Release|Any CPU
		{3EB42E90-8973-4E6E-9810-84273DD0A816}.Ad-Hoc|iPhoneSimulator.ActiveCfg = Release|Any CPU
		{3EB42E90-8973-4E6E-9810-84273DD0A816}.Ad-Hoc|iPhoneSimulator.Build.0 = Release|Any CPU
		{3EB42E90-8973-4E6E-9810-84273DD0A816}.Ad-Hoc|iPhoneSimulator.Deploy.0 = Release|Any CPU
		{3EB42E90-8973-4E6E-9810-84273DD0A816}.Ad-Hoc|x64.ActiveCfg = Release|Any CPU
		{3EB42E90-8973-4E6E-9810-84273DD0A816}.Ad-Hoc|x64.Build.0 = Release|Any CPU
		{3EB42E90-8973-4E6E-9810-84273DD0A816}.Ad-Hoc|x64.Deploy.0 = Release|Any CPU
		{3EB42E90-8973-4E6E-9810-84273DD0A816}.Ad-Hoc|x86.ActiveCfg = Release|x86
		{3EB42E90-8973-4E6E-9810-84273DD0A816}.Ad-Hoc|x86.Build.0 = Release|x86
		{3EB42E90-8973-4E6E-9810-84273DD0A816}.Ad-Hoc|x86.Deploy.0 = Release|x86
		{3EB42E90-8973-4E6E-9810-84273DD0A816}.AppStore|Any CPU.ActiveCfg = Release|Any CPU
		{3EB42E90-8973-4E6E-9810-84273DD0A816}.AppStore|Any CPU.Build.0 = Release|Any CPU
		{3EB42E90-8973-4E6E-9810-84273DD0A816}.AppStore|Any CPU.Deploy.0 = Release|Any CPU
		{3EB42E90-8973-4E6E-9810-84273DD0A816}.AppStore|ARM.ActiveCfg = Release|ARM
		{3EB42E90-8973-4E6E-9810-84273DD0A816}.AppStore|ARM.Build.0 = Release|ARM
		{3EB42E90-8973-4E6E-9810-84273DD0A816}.AppStore|ARM.Deploy.0 = Release|ARM
		{3EB42E90-8973-4E6E-9810-84273DD0A816}.AppStore|iPhone.ActiveCfg = Release|Any CPU
		{3EB42E90-8973-4E6E-9810-84273DD0A816}.AppStore|iPhone.Build.0 = Release|Any CPU
		{3EB42E90-8973-4E6E-9810-84273DD0A816}.AppStore|iPhone.Deploy.0 = Release|Any CPU
		{3EB42E90-8973-4E6E-9810-84273DD0A816}.AppStore|iPhoneSimulator.ActiveCfg = Release|Any CPU
		{3EB42E90-8973-4E6E-9810-84273DD0A816}.AppStore|iPhoneSimulator.Build.0 = Release|Any CPU
		{3EB42E90-8973-4E6E-9810-84273DD0A816}.AppStore|iPhoneSimulator.Deploy.0 = Release|Any CPU
		{3EB42E90-8973-4E6E-9810-84273DD0A816}.AppStore|x64.ActiveCfg = Release|Any CPU
		{3EB42E90-8973-4E6E-9810-84273DD0A816}.AppStore|x64.Build.0 = Release|Any CPU
		{3EB42E90-8973-4E6E-9810-84273DD0A816}.AppStore|x64.Deploy.0 = Release|Any CPU
		{3EB42E90-8973-4E6E-9810-84273DD0A816}.AppStore|x86.ActiveCfg = Release|x86
		{3EB42E90-8973-4E6E-9810-84273DD0A816}.AppStore|x86.Build.0 = Release|x86
		{3EB42E90-8973-4E6E-9810-84273DD0A816}.AppStore|x86.Deploy.0 = Release|x86
		{3EB42E90-8973-4E6E-9810-84273DD0A816}.Debug|Any CPU.ActiveCfg = Debug|Any CPU
		{3EB42E90-8973-4E6E-9810-84273DD0A816}.Debug|Any CPU.Build.0 = Debug|Any CPU
		{3EB42E90-8973-4E6E-9810-84273DD0A816}.Debug|Any CPU.Deploy.0 = Debug|Any CPU
		{3EB42E90-8973-4E6E-9810-84273DD0A816}.Debug|ARM.ActiveCfg = Debug|ARM
		{3EB42E90-8973-4E6E-9810-84273DD0A816}.Debug|ARM.Build.0 = Debug|ARM
		{3EB42E90-8973-4E6E-9810-84273DD0A816}.Debug|ARM.Deploy.0 = Debug|ARM
		{3EB42E90-8973-4E6E-9810-84273DD0A816}.Debug|iPhone.ActiveCfg = Debug|Any CPU
		{3EB42E90-8973-4E6E-9810-84273DD0A816}.Debug|iPhone.Build.0 = Debug|Any CPU
		{3EB42E90-8973-4E6E-9810-84273DD0A816}.Debug|iPhone.Deploy.0 = Debug|Any CPU
		{3EB42E90-8973-4E6E-9810-84273DD0A816}.Debug|iPhoneSimulator.ActiveCfg = Debug|Any CPU
		{3EB42E90-8973-4E6E-9810-84273DD0A816}.Debug|iPhoneSimulator.Build.0 = Debug|Any CPU
		{3EB42E90-8973-4E6E-9810-84273DD0A816}.Debug|iPhoneSimulator.Deploy.0 = Debug|Any CPU
		{3EB42E90-8973-4E6E-9810-84273DD0A816}.Debug|x64.ActiveCfg = Debug|Any CPU
		{3EB42E90-8973-4E6E-9810-84273DD0A816}.Debug|x64.Build.0 = Debug|Any CPU
		{3EB42E90-8973-4E6E-9810-84273DD0A816}.Debug|x64.Deploy.0 = Debug|Any CPU
		{3EB42E90-8973-4E6E-9810-84273DD0A816}.Debug|x86.ActiveCfg = Debug|x86
		{3EB42E90-8973-4E6E-9810-84273DD0A816}.Debug|x86.Build.0 = Debug|x86
		{3EB42E90-8973-4E6E-9810-84273DD0A816}.Debug|x86.Deploy.0 = Debug|x86
		{3EB42E90-8973-4E6E-9810-84273DD0A816}.Release|Any CPU.ActiveCfg = Release|Any CPU
		{3EB42E90-8973-4E6E-9810-84273DD0A816}.Release|Any CPU.Build.0 = Release|Any CPU
		{3EB42E90-8973-4E6E-9810-84273DD0A816}.Release|Any CPU.Deploy.0 = Release|Any CPU
		{3EB42E90-8973-4E6E-9810-84273DD0A816}.Release|ARM.ActiveCfg = Release|ARM
		{3EB42E90-8973-4E6E-9810-84273DD0A816}.Release|ARM.Build.0 = Release|ARM
		{3EB42E90-8973-4E6E-9810-84273DD0A816}.Release|ARM.Deploy.0 = Release|ARM
		{3EB42E90-8973-4E6E-9810-84273DD0A816}.Release|iPhone.ActiveCfg = Release|Any CPU
		{3EB42E90-8973-4E6E-9810-84273DD0A816}.Release|iPhone.Build.0 = Release|Any CPU
		{3EB42E90-8973-4E6E-9810-84273DD0A816}.Release|iPhone.Deploy.0 = Release|Any CPU
		{3EB42E90-8973-4E6E-9810-84273DD0A816}.Release|iPhoneSimulator.ActiveCfg = Release|Any CPU
		{3EB42E90-8973-4E6E-9810-84273DD0A816}.Release|iPhoneSimulator.Build.0 = Release|Any CPU
		{3EB42E90-8973-4E6E-9810-84273DD0A816}.Release|iPhoneSimulator.Deploy.0 = Release|Any CPU
		{3EB42E90-8973-4E6E-9810-84273DD0A816}.Release|x64.ActiveCfg = Release|Any CPU
		{3EB42E90-8973-4E6E-9810-84273DD0A816}.Release|x64.Build.0 = Release|Any CPU
		{3EB42E90-8973-4E6E-9810-84273DD0A816}.Release|x64.Deploy.0 = Release|Any CPU
		{3EB42E90-8973-4E6E-9810-84273DD0A816}.Release|x86.ActiveCfg = Release|x86
		{3EB42E90-8973-4E6E-9810-84273DD0A816}.Release|x86.Build.0 = Release|x86
		{3EB42E90-8973-4E6E-9810-84273DD0A816}.Release|x86.Deploy.0 = Release|x86
		{325A11A1-B0DB-4C0C-89D6-5A7CB305F447}.Ad-Hoc|Any CPU.ActiveCfg = Release|x86
		{325A11A1-B0DB-4C0C-89D6-5A7CB305F447}.Ad-Hoc|Any CPU.Build.0 = Release|x86
		{325A11A1-B0DB-4C0C-89D6-5A7CB305F447}.Ad-Hoc|Any CPU.Deploy.0 = Release|x86
		{325A11A1-B0DB-4C0C-89D6-5A7CB305F447}.Ad-Hoc|ARM.ActiveCfg = Release|ARM
		{325A11A1-B0DB-4C0C-89D6-5A7CB305F447}.Ad-Hoc|ARM.Build.0 = Release|ARM
		{325A11A1-B0DB-4C0C-89D6-5A7CB305F447}.Ad-Hoc|ARM.Deploy.0 = Release|ARM
		{325A11A1-B0DB-4C0C-89D6-5A7CB305F447}.Ad-Hoc|iPhone.ActiveCfg = Release|x86
		{325A11A1-B0DB-4C0C-89D6-5A7CB305F447}.Ad-Hoc|iPhone.Build.0 = Release|x86
		{325A11A1-B0DB-4C0C-89D6-5A7CB305F447}.Ad-Hoc|iPhone.Deploy.0 = Release|x86
		{325A11A1-B0DB-4C0C-89D6-5A7CB305F447}.Ad-Hoc|iPhoneSimulator.ActiveCfg = Release|x86
		{325A11A1-B0DB-4C0C-89D6-5A7CB305F447}.Ad-Hoc|iPhoneSimulator.Build.0 = Release|x86
		{325A11A1-B0DB-4C0C-89D6-5A7CB305F447}.Ad-Hoc|iPhoneSimulator.Deploy.0 = Release|x86
		{325A11A1-B0DB-4C0C-89D6-5A7CB305F447}.Ad-Hoc|x64.ActiveCfg = Release|x64
		{325A11A1-B0DB-4C0C-89D6-5A7CB305F447}.Ad-Hoc|x64.Build.0 = Release|x64
		{325A11A1-B0DB-4C0C-89D6-5A7CB305F447}.Ad-Hoc|x64.Deploy.0 = Release|x64
		{325A11A1-B0DB-4C0C-89D6-5A7CB305F447}.Ad-Hoc|x86.ActiveCfg = Release|x86
		{325A11A1-B0DB-4C0C-89D6-5A7CB305F447}.Ad-Hoc|x86.Build.0 = Release|x86
		{325A11A1-B0DB-4C0C-89D6-5A7CB305F447}.Ad-Hoc|x86.Deploy.0 = Release|x86
		{325A11A1-B0DB-4C0C-89D6-5A7CB305F447}.AppStore|Any CPU.ActiveCfg = Release|x86
		{325A11A1-B0DB-4C0C-89D6-5A7CB305F447}.AppStore|Any CPU.Build.0 = Release|x86
		{325A11A1-B0DB-4C0C-89D6-5A7CB305F447}.AppStore|Any CPU.Deploy.0 = Release|x86
		{325A11A1-B0DB-4C0C-89D6-5A7CB305F447}.AppStore|ARM.ActiveCfg = Release|ARM
		{325A11A1-B0DB-4C0C-89D6-5A7CB305F447}.AppStore|ARM.Build.0 = Release|ARM
		{325A11A1-B0DB-4C0C-89D6-5A7CB305F447}.AppStore|ARM.Deploy.0 = Release|ARM
		{325A11A1-B0DB-4C0C-89D6-5A7CB305F447}.AppStore|iPhone.ActiveCfg = Release|x86
		{325A11A1-B0DB-4C0C-89D6-5A7CB305F447}.AppStore|iPhone.Build.0 = Release|x86
		{325A11A1-B0DB-4C0C-89D6-5A7CB305F447}.AppStore|iPhone.Deploy.0 = Release|x86
		{325A11A1-B0DB-4C0C-89D6-5A7CB305F447}.AppStore|iPhoneSimulator.ActiveCfg = Release|x86
		{325A11A1-B0DB-4C0C-89D6-5A7CB305F447}.AppStore|iPhoneSimulator.Build.0 = Release|x86
		{325A11A1-B0DB-4C0C-89D6-5A7CB305F447}.AppStore|iPhoneSimulator.Deploy.0 = Release|x86
		{325A11A1-B0DB-4C0C-89D6-5A7CB305F447}.AppStore|x64.ActiveCfg = Release|x64
		{325A11A1-B0DB-4C0C-89D6-5A7CB305F447}.AppStore|x64.Build.0 = Release|x64
		{325A11A1-B0DB-4C0C-89D6-5A7CB305F447}.AppStore|x64.Deploy.0 = Release|x64
		{325A11A1-B0DB-4C0C-89D6-5A7CB305F447}.AppStore|x86.ActiveCfg = Release|x86
		{325A11A1-B0DB-4C0C-89D6-5A7CB305F447}.AppStore|x86.Build.0 = Release|x86
		{325A11A1-B0DB-4C0C-89D6-5A7CB305F447}.AppStore|x86.Deploy.0 = Release|x86
		{325A11A1-B0DB-4C0C-89D6-5A7CB305F447}.Debug|Any CPU.ActiveCfg = Debug|x86
		{325A11A1-B0DB-4C0C-89D6-5A7CB305F447}.Debug|ARM.ActiveCfg = Debug|ARM
		{325A11A1-B0DB-4C0C-89D6-5A7CB305F447}.Debug|ARM.Build.0 = Debug|ARM
		{325A11A1-B0DB-4C0C-89D6-5A7CB305F447}.Debug|ARM.Deploy.0 = Debug|ARM
		{325A11A1-B0DB-4C0C-89D6-5A7CB305F447}.Debug|iPhone.ActiveCfg = Debug|x86
		{325A11A1-B0DB-4C0C-89D6-5A7CB305F447}.Debug|iPhoneSimulator.ActiveCfg = Debug|x86
		{325A11A1-B0DB-4C0C-89D6-5A7CB305F447}.Debug|x64.ActiveCfg = Debug|x64
		{325A11A1-B0DB-4C0C-89D6-5A7CB305F447}.Debug|x64.Build.0 = Debug|x64
		{325A11A1-B0DB-4C0C-89D6-5A7CB305F447}.Debug|x64.Deploy.0 = Debug|x64
		{325A11A1-B0DB-4C0C-89D6-5A7CB305F447}.Debug|x86.ActiveCfg = Debug|x86
		{325A11A1-B0DB-4C0C-89D6-5A7CB305F447}.Debug|x86.Build.0 = Debug|x86
		{325A11A1-B0DB-4C0C-89D6-5A7CB305F447}.Debug|x86.Deploy.0 = Debug|x86
		{325A11A1-B0DB-4C0C-89D6-5A7CB305F447}.Release|Any CPU.ActiveCfg = Release|x86
		{325A11A1-B0DB-4C0C-89D6-5A7CB305F447}.Release|ARM.ActiveCfg = Release|ARM
		{325A11A1-B0DB-4C0C-89D6-5A7CB305F447}.Release|ARM.Build.0 = Release|ARM
		{325A11A1-B0DB-4C0C-89D6-5A7CB305F447}.Release|ARM.Deploy.0 = Release|ARM
		{325A11A1-B0DB-4C0C-89D6-5A7CB305F447}.Release|iPhone.ActiveCfg = Release|x86
		{325A11A1-B0DB-4C0C-89D6-5A7CB305F447}.Release|iPhoneSimulator.ActiveCfg = Release|x86
		{325A11A1-B0DB-4C0C-89D6-5A7CB305F447}.Release|x64.ActiveCfg = Release|x64
		{325A11A1-B0DB-4C0C-89D6-5A7CB305F447}.Release|x64.Build.0 = Release|x64
		{325A11A1-B0DB-4C0C-89D6-5A7CB305F447}.Release|x64.Deploy.0 = Release|x64
		{325A11A1-B0DB-4C0C-89D6-5A7CB305F447}.Release|x86.ActiveCfg = Release|x86
		{325A11A1-B0DB-4C0C-89D6-5A7CB305F447}.Release|x86.Build.0 = Release|x86
		{325A11A1-B0DB-4C0C-89D6-5A7CB305F447}.Release|x86.Deploy.0 = Release|x86
		{FD88AFE8-AA19-4F92-A025-28378F5AE50F}.Ad-Hoc|Any CPU.ActiveCfg = Release|Any CPU
		{FD88AFE8-AA19-4F92-A025-28378F5AE50F}.Ad-Hoc|Any CPU.Build.0 = Release|Any CPU
		{FD88AFE8-AA19-4F92-A025-28378F5AE50F}.Ad-Hoc|Any CPU.Deploy.0 = Release|Any CPU
		{FD88AFE8-AA19-4F92-A025-28378F5AE50F}.Ad-Hoc|ARM.ActiveCfg = Release|ARM
		{FD88AFE8-AA19-4F92-A025-28378F5AE50F}.Ad-Hoc|ARM.Build.0 = Release|ARM
		{FD88AFE8-AA19-4F92-A025-28378F5AE50F}.Ad-Hoc|ARM.Deploy.0 = Release|ARM
		{FD88AFE8-AA19-4F92-A025-28378F5AE50F}.Ad-Hoc|iPhone.ActiveCfg = Release|Any CPU
		{FD88AFE8-AA19-4F92-A025-28378F5AE50F}.Ad-Hoc|iPhone.Build.0 = Release|Any CPU
		{FD88AFE8-AA19-4F92-A025-28378F5AE50F}.Ad-Hoc|iPhone.Deploy.0 = Release|Any CPU
		{FD88AFE8-AA19-4F92-A025-28378F5AE50F}.Ad-Hoc|iPhoneSimulator.ActiveCfg = Release|Any CPU
		{FD88AFE8-AA19-4F92-A025-28378F5AE50F}.Ad-Hoc|iPhoneSimulator.Build.0 = Release|Any CPU
		{FD88AFE8-AA19-4F92-A025-28378F5AE50F}.Ad-Hoc|iPhoneSimulator.Deploy.0 = Release|Any CPU
		{FD88AFE8-AA19-4F92-A025-28378F5AE50F}.Ad-Hoc|x64.ActiveCfg = Release|x64
		{FD88AFE8-AA19-4F92-A025-28378F5AE50F}.Ad-Hoc|x64.Build.0 = Release|x64
		{FD88AFE8-AA19-4F92-A025-28378F5AE50F}.Ad-Hoc|x64.Deploy.0 = Release|x64
		{FD88AFE8-AA19-4F92-A025-28378F5AE50F}.Ad-Hoc|x86.ActiveCfg = Release|x86
		{FD88AFE8-AA19-4F92-A025-28378F5AE50F}.Ad-Hoc|x86.Build.0 = Release|x86
		{FD88AFE8-AA19-4F92-A025-28378F5AE50F}.Ad-Hoc|x86.Deploy.0 = Release|x86
		{FD88AFE8-AA19-4F92-A025-28378F5AE50F}.AppStore|Any CPU.ActiveCfg = Release|Any CPU
		{FD88AFE8-AA19-4F92-A025-28378F5AE50F}.AppStore|Any CPU.Build.0 = Release|Any CPU
		{FD88AFE8-AA19-4F92-A025-28378F5AE50F}.AppStore|Any CPU.Deploy.0 = Release|Any CPU
		{FD88AFE8-AA19-4F92-A025-28378F5AE50F}.AppStore|ARM.ActiveCfg = Release|ARM
		{FD88AFE8-AA19-4F92-A025-28378F5AE50F}.AppStore|ARM.Build.0 = Release|ARM
		{FD88AFE8-AA19-4F92-A025-28378F5AE50F}.AppStore|ARM.Deploy.0 = Release|ARM
		{FD88AFE8-AA19-4F92-A025-28378F5AE50F}.AppStore|iPhone.ActiveCfg = Release|Any CPU
		{FD88AFE8-AA19-4F92-A025-28378F5AE50F}.AppStore|iPhone.Build.0 = Release|Any CPU
		{FD88AFE8-AA19-4F92-A025-28378F5AE50F}.AppStore|iPhone.Deploy.0 = Release|Any CPU
		{FD88AFE8-AA19-4F92-A025-28378F5AE50F}.AppStore|iPhoneSimulator.ActiveCfg = Release|Any CPU
		{FD88AFE8-AA19-4F92-A025-28378F5AE50F}.AppStore|iPhoneSimulator.Build.0 = Release|Any CPU
		{FD88AFE8-AA19-4F92-A025-28378F5AE50F}.AppStore|iPhoneSimulator.Deploy.0 = Release|Any CPU
		{FD88AFE8-AA19-4F92-A025-28378F5AE50F}.AppStore|x64.ActiveCfg = Release|x64
		{FD88AFE8-AA19-4F92-A025-28378F5AE50F}.AppStore|x64.Build.0 = Release|x64
		{FD88AFE8-AA19-4F92-A025-28378F5AE50F}.AppStore|x64.Deploy.0 = Release|x64
		{FD88AFE8-AA19-4F92-A025-28378F5AE50F}.AppStore|x86.ActiveCfg = Release|x86
		{FD88AFE8-AA19-4F92-A025-28378F5AE50F}.AppStore|x86.Build.0 = Release|x86
		{FD88AFE8-AA19-4F92-A025-28378F5AE50F}.AppStore|x86.Deploy.0 = Release|x86
		{FD88AFE8-AA19-4F92-A025-28378F5AE50F}.Debug|Any CPU.ActiveCfg = Debug|Any CPU
		{FD88AFE8-AA19-4F92-A025-28378F5AE50F}.Debug|Any CPU.Build.0 = Debug|Any CPU
		{FD88AFE8-AA19-4F92-A025-28378F5AE50F}.Debug|Any CPU.Deploy.0 = Debug|Any CPU
		{FD88AFE8-AA19-4F92-A025-28378F5AE50F}.Debug|ARM.ActiveCfg = Debug|ARM
		{FD88AFE8-AA19-4F92-A025-28378F5AE50F}.Debug|ARM.Build.0 = Debug|ARM
		{FD88AFE8-AA19-4F92-A025-28378F5AE50F}.Debug|ARM.Deploy.0 = Debug|ARM
		{FD88AFE8-AA19-4F92-A025-28378F5AE50F}.Debug|iPhone.ActiveCfg = Debug|Any CPU
		{FD88AFE8-AA19-4F92-A025-28378F5AE50F}.Debug|iPhone.Build.0 = Debug|Any CPU
		{FD88AFE8-AA19-4F92-A025-28378F5AE50F}.Debug|iPhone.Deploy.0 = Debug|Any CPU
		{FD88AFE8-AA19-4F92-A025-28378F5AE50F}.Debug|iPhoneSimulator.ActiveCfg = Debug|Any CPU
		{FD88AFE8-AA19-4F92-A025-28378F5AE50F}.Debug|iPhoneSimulator.Build.0 = Debug|Any CPU
		{FD88AFE8-AA19-4F92-A025-28378F5AE50F}.Debug|iPhoneSimulator.Deploy.0 = Debug|Any CPU
		{FD88AFE8-AA19-4F92-A025-28378F5AE50F}.Debug|x64.ActiveCfg = Debug|x64
		{FD88AFE8-AA19-4F92-A025-28378F5AE50F}.Debug|x64.Build.0 = Debug|x64
		{FD88AFE8-AA19-4F92-A025-28378F5AE50F}.Debug|x64.Deploy.0 = Debug|x64
		{FD88AFE8-AA19-4F92-A025-28378F5AE50F}.Debug|x86.ActiveCfg = Debug|x86
		{FD88AFE8-AA19-4F92-A025-28378F5AE50F}.Debug|x86.Build.0 = Debug|x86
		{FD88AFE8-AA19-4F92-A025-28378F5AE50F}.Debug|x86.Deploy.0 = Debug|x86
		{FD88AFE8-AA19-4F92-A025-28378F5AE50F}.Release|Any CPU.ActiveCfg = Release|Any CPU
		{FD88AFE8-AA19-4F92-A025-28378F5AE50F}.Release|Any CPU.Build.0 = Release|Any CPU
		{FD88AFE8-AA19-4F92-A025-28378F5AE50F}.Release|Any CPU.Deploy.0 = Release|Any CPU
		{FD88AFE8-AA19-4F92-A025-28378F5AE50F}.Release|ARM.ActiveCfg = Release|ARM
		{FD88AFE8-AA19-4F92-A025-28378F5AE50F}.Release|ARM.Build.0 = Release|ARM
		{FD88AFE8-AA19-4F92-A025-28378F5AE50F}.Release|ARM.Deploy.0 = Release|ARM
		{FD88AFE8-AA19-4F92-A025-28378F5AE50F}.Release|iPhone.ActiveCfg = Release|Any CPU
		{FD88AFE8-AA19-4F92-A025-28378F5AE50F}.Release|iPhone.Build.0 = Release|Any CPU
		{FD88AFE8-AA19-4F92-A025-28378F5AE50F}.Release|iPhone.Deploy.0 = Release|Any CPU
		{FD88AFE8-AA19-4F92-A025-28378F5AE50F}.Release|iPhoneSimulator.ActiveCfg = Release|Any CPU
		{FD88AFE8-AA19-4F92-A025-28378F5AE50F}.Release|iPhoneSimulator.Build.0 = Release|Any CPU
		{FD88AFE8-AA19-4F92-A025-28378F5AE50F}.Release|iPhoneSimulator.Deploy.0 = Release|Any CPU
		{FD88AFE8-AA19-4F92-A025-28378F5AE50F}.Release|x64.ActiveCfg = Release|x64
		{FD88AFE8-AA19-4F92-A025-28378F5AE50F}.Release|x64.Build.0 = Release|x64
		{FD88AFE8-AA19-4F92-A025-28378F5AE50F}.Release|x64.Deploy.0 = Release|x64
		{FD88AFE8-AA19-4F92-A025-28378F5AE50F}.Release|x86.ActiveCfg = Release|x86
		{FD88AFE8-AA19-4F92-A025-28378F5AE50F}.Release|x86.Build.0 = Release|x86
		{FD88AFE8-AA19-4F92-A025-28378F5AE50F}.Release|x86.Deploy.0 = Release|x86
	EndGlobalSection
	GlobalSection(SolutionProperties) = preSolution
		HideSolutionNode = FALSE
	EndGlobalSection
EndGlobal
